// !$*UTF8*$!
{
	archiveVersion = 1;
	classes = {
	};
	objectVersion = 50;
	objects = {

/* Begin PBXBuildFile section */
		3F57DFA325C9E5A1002861B2 /* AppDelegate.swift in Sources */ = {isa = PBXBuildFile; fileRef = 3F57DFA225C9E5A1002861B2 /* AppDelegate.swift */; };
		3F57DFA525C9E5A1002861B2 /* SceneDelegate.swift in Sources */ = {isa = PBXBuildFile; fileRef = 3F57DFA425C9E5A1002861B2 /* SceneDelegate.swift */; };
		3F57DFA725C9E5A1002861B2 /* ViewController.swift in Sources */ = {isa = PBXBuildFile; fileRef = 3F57DFA625C9E5A1002861B2 /* ViewController.swift */; };
		3F57DFAA25C9E5A1002861B2 /* Main.storyboard in Resources */ = {isa = PBXBuildFile; fileRef = 3F57DFA825C9E5A1002861B2 /* Main.storyboard */; };
		3F57DFAC25C9E5A2002861B2 /* Assets.xcassets in Resources */ = {isa = PBXBuildFile; fileRef = 3F57DFAB25C9E5A2002861B2 /* Assets.xcassets */; };
		3F57DFAF25C9E5A2002861B2 /* LaunchScreen.storyboard in Resources */ = {isa = PBXBuildFile; fileRef = 3F57DFAD25C9E5A2002861B2 /* LaunchScreen.storyboard */; };
		3F57DFB825C9E611002861B2 /* Inceptionv3.mlmodel in Sources */ = {isa = PBXBuildFile; fileRef = 3F57DFB725C9E611002861B2 /* Inceptionv3.mlmodel */; };
/* End PBXBuildFile section */

/* Begin PBXFileReference section */
		3F57DF9F25C9E5A1002861B2 /* seeFood.app */ = {isa = PBXFileReference; explicitFileType = wrapper.application; includeInIndex = 0; path = seeFood.app; sourceTree = BUILT_PRODUCTS_DIR; };
		3F57DFA225C9E5A1002861B2 /* AppDelegate.swift */ = {isa = PBXFileReference; lastKnownFileType = sourcecode.swift; path = AppDelegate.swift; sourceTree = "<group>"; };
		3F57DFA425C9E5A1002861B2 /* SceneDelegate.swift */ = {isa = PBXFileReference; lastKnownFileType = sourcecode.swift; path = SceneDelegate.swift; sourceTree = "<group>"; };
		3F57DFA625C9E5A1002861B2 /* ViewController.swift */ = {isa = PBXFileReference; lastKnownFileType = sourcecode.swift; path = ViewController.swift; sourceTree = "<group>"; };
		3F57DFA925C9E5A1002861B2 /* Base */ = {isa = PBXFileReference; lastKnownFileType = file.storyboard; name = Base; path = Base.lproj/Main.storyboard; sourceTree = "<group>"; };
		3F57DFAB25C9E5A2002861B2 /* Assets.xcassets */ = {isa = PBXFileReference; lastKnownFileType = folder.assetcatalog; path = Assets.xcassets; sourceTree = "<group>"; };
		3F57DFAE25C9E5A2002861B2 /* Base */ = {isa = PBXFileReference; lastKnownFileType = file.storyboard; name = Base; path = Base.lproj/LaunchScreen.storyboard; sourceTree = "<group>"; };
		3F57DFB025C9E5A2002861B2 /* Info.plist */ = {isa = PBXFileReference; lastKnownFileType = text.plist.xml; path = Info.plist; sourceTree = "<group>"; };
		3F57DFB725C9E611002861B2 /* Inceptionv3.mlmodel */ = {isa = PBXFileReference; lastKnownFileType = file.mlmodel; path = Inceptionv3.mlmodel; sourceTree = "<group>"; };
/* End PBXFileReference section */

/* Begin PBXFrameworksBuildPhase section */
		3F57DF9C25C9E5A1002861B2 /* Frameworks */ = {
			isa = PBXFrameworksBuildPhase;
			buildActionMask = 2147483647;
			files = (
			);
			runOnlyForDeploymentPostprocessing = 0;
		};
/* End PBXFrameworksBuildPhase section */

/* Begin PBXGroup section */
		3F57DF9625C9E5A1002861B2 = {
			isa = PBXGroup;
			children = (
				3F57DFA125C9E5A1002861B2 /* seeFood */,
				3F57DFA025C9E5A1002861B2 /* Products */,
			);
			sourceTree = "<group>";
		};
		3F57DFA025C9E5A1002861B2 /* Products */ = {
			isa = PBXGroup;
			children = (
				3F57DF9F25C9E5A1002861B2 /* seeFood.app */,
			);
			name = Products;
			sourceTree = "<group>";
		};
		3F57DFA125C9E5A1002861B2 /* seeFood */ = {
			isa = PBXGroup;
			children = (
				3F57DFA225C9E5A1002861B2 /* AppDelegate.swift */,
				3F57DFA425C9E5A1002861B2 /* SceneDelegate.swift */,
				3F57DFA625C9E5A1002861B2 /* ViewController.swift */,
				3F57DFA825C9E5A1002861B2 /* Main.storyboard */,
				3F57DFAB25C9E5A2002861B2 /* Assets.xcassets */,
				3F57DFAD25C9E5A2002861B2 /* LaunchScreen.storyboard */,
				3F57DFB025C9E5A2002861B2 /* Info.plist */,
				3F57DFB725C9E611002861B2 /* Inceptionv3.mlmodel */,
			);
			path = seeFood;
			sourceTree = "<group>";
		};
/* End PBXGroup section */

/* Begin PBXNativeTarget section */
		3F57DF9E25C9E5A1002861B2 /* seeFood */ = {
			isa = PBXNativeTarget;
			buildConfigurationList = 3F57DFB325C9E5A2002861B2 /* Build configuration list for PBXNativeTarget "seeFood" */;
			buildPhases = (
				3F57DF9B25C9E5A1002861B2 /* Sources */,
				3F57DF9C25C9E5A1002861B2 /* Frameworks */,
				3F57DF9D25C9E5A1002861B2 /* Resources */,
			);
			buildRules = (
			);
			dependencies = (
			);
			name = seeFood;
			productName = seeFood;
			productReference = 3F57DF9F25C9E5A1002861B2 /* seeFood.app */;
			productType = "com.apple.product-type.application";
		};
/* End PBXNativeTarget section */

/* Begin PBXProject section */
		3F57DF9725C9E5A1002861B2 /* Project object */ = {
			isa = PBXProject;
			attributes = {
				LastSwiftUpdateCheck = 1230;
				LastUpgradeCheck = 1230;
				TargetAttributes = {
					3F57DF9E25C9E5A1002861B2 = {
						CreatedOnToolsVersion = 12.3;
					};
				};
			};
			buildConfigurationList = 3F57DF9A25C9E5A1002861B2 /* Build configuration list for PBXProject "seeFood" */;
			compatibilityVersion = "Xcode 9.3";
			developmentRegion = en;
			hasScannedForEncodings = 0;
			knownRegions = (
				en,
				Base,
			);
			mainGroup = 3F57DF9625C9E5A1002861B2;
			productRefGroup = 3F57DFA025C9E5A1002861B2 /* Products */;
			projectDirPath = "";
			projectRoot = "";
			targets = (
				3F57DF9E25C9E5A1002861B2 /* seeFood */,
			);
		};
/* End PBXProject section */

/* Begin PBXResourcesBuildPhase section */
		3F57DF9D25C9E5A1002861B2 /* Resources */ = {
			isa = PBXResourcesBuildPhase;
			buildActionMask = 2147483647;
			files = (
				3F57DFAF25C9E5A2002861B2 /* LaunchScreen.storyboard in Resources */,
				3F57DFAC25C9E5A2002861B2 /* Assets.xcassets in Resources */,
				3F57DFAA25C9E5A1002861B2 /* Main.storyboard in Resources */,
			);
			runOnlyForDeploymentPostprocessing = 0;
		};
/* End PBXResourcesBuildPhase section */

/* Begin PBXSourcesBuildPhase section */
		3F57DF9B25C9E5A1002861B2 /* Sources */ = {
			isa = PBXSourcesBuildPhase;
			buildActionMask = 2147483647;
			files = (
				3F57DFA725C9E5A1002861B2 /* ViewController.swift in Sources */,
				3F57DFB825C9E611002861B2 /* Inceptionv3.mlmodel in Sources */,
				3F57DFA325C9E5A1002861B2 /* AppDelegate.swift in Sources */,
				3F57DFA525C9E5A1002861B2 /* SceneDelegate.swift in Sources */,
			);
			runOnlyForDeploymentPostprocessing = 0;
		};
/* End PBXSourcesBuildPhase section */

/* Begin PBXVariantGroup section */
		3F57DFA825C9E5A1002861B2 /* Main.storyboard */ = {
			isa = PBXVariantGroup;
			children = (
				3F57DFA925C9E5A1002861B2 /* Base */,
			);
			name = Main.storyboard;
			sourceTree = "<group>";
		};
		3F57DFAD25C9E5A2002861B2 /* LaunchScreen.storyboard */ = {
			isa = PBXVariantGroup;
			children = (
				3F57DFAE25C9E5A2002861B2 /* Base */,
			);
			name = LaunchScreen.storyboard;
			sourceTree = "<group>";
		};
/* End PBXVariantGroup section */

/* Begin XCBuildConfiguration section */
		3F57DFB125C9E5A2002861B2 /* Debug */ = {
			isa = XCBuildConfiguration;
			buildSettings = {
				ALWAYS_SEARCH_USER_PATHS = NO;
				CLANG_ANALYZER_NONNULL = YES;
				CLANG_ANALYZER_NUMBER_OBJECT_CONVERSION = YES_AGGRESSIVE;
				CLANG_CXX_LANGUAGE_STANDARD = "gnu++14";
				CLANG_CXX_LIBRARY = "libc++";
				CLANG_ENABLE_MODULES = YES;
				CLANG_ENABLE_OBJC_ARC = YES;
				CLANG_ENABLE_OBJC_WEAK = YES;
				CLANG_WARN_BLOCK_CAPTURE_AUTORELEASING = YES;
				CLANG_WARN_BOOL_CONVERSION = YES;
				CLANG_WARN_COMMA = YES;
				CLANG_WARN_CONSTANT_CONVERSION = YES;
				CLANG_WARN_DEPRECATED_OBJC_IMPLEMENTATIONS = YES;
				CLANG_WARN_DIRECT_OBJC_ISA_USAGE = YES_ERROR;
				CLANG_WARN_DOCUMENTATION_COMMENTS = YES;
				CLANG_WARN_EMPTY_BODY = YES;
				CLANG_WARN_ENUM_CONVERSION = YES;
				CLANG_WARN_INFINITE_RECURSION = YES;
				CLANG_WARN_INT_CONVERSION = YES;
				CLANG_WARN_NON_LITERAL_NULL_CONVERSION = YES;
				CLANG_WARN_OBJC_IMPLICIT_RETAIN_SELF = YES;
				CLANG_WARN_OBJC_LITERAL_CONVERSION = YES;
				CLANG_WARN_OBJC_ROOT_CLASS = YES_ERROR;
				CLANG_WARN_QUOTED_INCLUDE_IN_FRAMEWORK_HEADER = YES;
				CLANG_WARN_RANGE_LOOP_ANALYSIS = YES;
				CLANG_WARN_STRICT_PROTOTYPES = YES;
				CLANG_WARN_SUSPICIOUS_MOVE = YES;
				CLANG_WARN_UNGUARDED_AVAILABILITY = YES_AGGRESSIVE;
				CLANG_WARN_UNREACHABLE_CODE = YES;
				CLANG_WARN__DUPLICATE_METHOD_MATCH = YES;
				COPY_PHASE_STRIP = NO;
				DEBUG_INFORMATION_FORMAT = dwarf;
				ENABLE_STRICT_OBJC_MSGSEND = YES;
				ENABLE_TESTABILITY = YES;
				GCC_C_LANGUAGE_STANDARD = gnu11;
				GCC_DYNAMIC_NO_PIC = NO;
				GCC_NO_COMMON_BLOCKS = YES;
				GCC_OPTIMIZATION_LEVEL = 0;
				GCC_PREPROCESSOR_DEFINITIONS = (
					"DEBUG=1",
					"$(inherited)",
				);
				GCC_WARN_64_TO_32_BIT_CONVERSION = YES;
				GCC_WARN_ABOUT_RETURN_TYPE = YES_ERROR;
				GCC_WARN_UNDECLARED_SELECTOR = YES;
				GCC_WARN_UNINITIALIZED_AUTOS = YES_AGGRESSIVE;
				GCC_WARN_UNUSED_FUNCTION = YES;
				GCC_WARN_UNUSED_VARIABLE = YES;
				IPHONEOS_DEPLOYMENT_TARGET = 14.3;
				MTL_ENABLE_DEBUG_INFO = INCLUDE_SOURCE;
				MTL_FAST_MATH = YES;
				ONLY_ACTIVE_ARCH = YES;
				SDKROOT = iphoneos;
				SWIFT_ACTIVE_COMPILATION_CONDITIONS = DEBUG;
				SWIFT_OPTIMIZATION_LEVEL = "-Onone";
			};
			name = Debug;
		};
		3F57DFB225C9E5A2002861B2 /* Release */ = {
			isa = XCBuildConfiguration;
			buildSettings = {
				ALWAYS_SEARCH_USER_PATHS = NO;
				CLANG_ANALYZER_NONNULL = YES;
				CLANG_ANALYZER_NUMBER_OBJECT_CONVERSION = YES_AGGRESSIVE;
				CLANG_CXX_LANGUAGE_STANDARD = "gnu++14";
				CLANG_CXX_LIBRARY = "libc++";
				CLANG_ENABLE_MODULES = YES;
				CLANG_ENABLE_OBJC_ARC = YES;
				CLANG_ENABLE_OBJC_WEAK = YES;
				CLANG_WARN_BLOCK_CAPTURE_AUTORELEASING = YES;
				CLANG_WARN_BOOL_CONVERSION = YES;
				CLANG_WARN_COMMA = YES;
				CLANG_WARN_CONSTANT_CONVERSION = YES;
				CLANG_WARN_DEPRECATED_OBJC_IMPLEMENTATIONS = YES;
				CLANG_WARN_DIRECT_OBJC_ISA_USAGE = YES_ERROR;
				CLANG_WARN_DOCUMENTATION_COMMENTS = YES;
				CLANG_WARN_EMPTY_BODY = YES;
				CLANG_WARN_ENUM_CONVERSION = YES;
				CLANG_WARN_INFINITE_RECURSION = YES;
				CLANG_WARN_INT_CONVERSION = YES;
				CLANG_WARN_NON_LITERAL_NULL_CONVERSION = YES;
				CLANG_WARN_OBJC_IMPLICIT_RETAIN_SELF = YES;
				CLANG_WARN_OBJC_LITERAL_CONVERSION = YES;
				CLANG_WARN_OBJC_ROOT_CLASS = YES_ERROR;
				CLANG_WARN_QUOTED_INCLUDE_IN_FRAMEWORK_HEADER = YES;
				CLANG_WARN_RANGE_LOOP_ANALYSIS = YES;
				CLANG_WARN_STRICT_PROTOTYPES = YES;
				CLANG_WARN_SUSPICIOUS_MOVE = YES;
				CLANG_WARN_UNGUARDED_AVAILABILITY = YES_AGGRESSIVE;
				CLANG_WARN_UNREACHABLE_CODE = YES;
				CLANG_WARN__DUPLICATE_METHOD_MATCH = YES;
				COPY_PHASE_STRIP = NO;
				DEBUG_INFORMATION_FORMAT = "dwarf-with-dsym";
				ENABLE_NS_ASSERTIONS = NO;
				ENABLE_STRICT_OBJC_MSGSEND = YES;
				GCC_C_LANGUAGE_STANDARD = gnu11;
				GCC_NO_COMMON_BLOCKS = YES;
				GCC_WARN_64_TO_32_BIT_CONVERSION = YES;
				GCC_WARN_ABOUT_RETURN_TYPE = YES_ERROR;
				GCC_WARN_UNDECLARED_SELECTOR = YES;
				GCC_WARN_UNINITIALIZED_AUTOS = YES_AGGRESSIVE;
				GCC_WARN_UNUSED_FUNCTION = YES;
				GCC_WARN_UNUSED_VARIABLE = YES;
				IPHONEOS_DEPLOYMENT_TARGET = 14.3;
				MTL_ENABLE_DEBUG_INFO = NO;
				MTL_FAST_MATH = YES;
				SDKROOT = iphoneos;
				SWIFT_COMPILATION_MODE = wholemodule;
				SWIFT_OPTIMIZATION_LEVEL = "-O";
				VALIDATE_PRODUCT = YES;
			};
			name = Release;
		};
		3F57DFB425C9E5A2002861B2 /* Debug */ = {
			isa = XCBuildConfiguration;
			buildSettings = {
				ASSETCATALOG_COMPILER_APPICON_NAME = AppIcon;
				ASSETCATALOG_COMPILER_GLOBAL_ACCENT_COLOR_NAME = AccentColor;
				CODE_SIGN_STYLE = Automatic;
				DEVELOPMENT_TEAM = HDKVX8UU3K;
				INFOPLIST_FILE = seeFood/Info.plist;
				LD_RUNPATH_SEARCH_PATHS = (
					"$(inherited)",
					"@executable_path/Frameworks",
				);
				PRODUCT_BUNDLE_IDENTIFIER = "ch.william-scholder.seeFood";
				PRODUCT_NAME = "$(TARGET_NAME)";
				SWIFT_VERSION = 5.0;
				TARGETED_DEVICE_FAMILY = "1,2";
			};
			name = Debug;
		};
		3F57DFB525C9E5A2002861B2 /* Release */ = {
			isa = XCBuildConfiguration;
			buildSettings = {
				ASSETCATALOG_COMPILER_APPICON_NAME = AppIcon;
				ASSETCATALOG_COMPILER_GLOBAL_ACCENT_COLOR_NAME = AccentColor;
				CODE_SIGN_STYLE = Automatic;
				DEVELOPMENT_TEAM = HDKVX8UU3K;
				INFOPLIST_FILE = seeFood/Info.plist;
				LD_RUNPATH_SEARCH_PATHS = (
					"$(inherited)",
					"@executable_path/Frameworks",
				);
				PRODUCT_BUNDLE_IDENTIFIER = "ch.william-scholder.seeFood";
				PRODUCT_NAME = "$(TARGET_NAME)";
				SWIFT_VERSION = 5.0;
				TARGETED_DEVICE_FAMILY = "1,2";
			};
			name = Release;
		};
/* End XCBuildConfiguration section */

/* Begin XCConfigurationList section */
		3F57DF9A25C9E5A1002861B2 /* Build configuration list for PBXProject "seeFood" */ = {
			isa = XCConfigurationList;
			buildConfigurations = (
				3F57DFB125C9E5A2002861B2 /* Debug */,
				3F57DFB225C9E5A2002861B2 /* Release */,
			);
			defaultConfigurationIsVisible = 0;
			defaultConfigurationName = Release;
		};
		3F57DFB325C9E5A2002861B2 /* Build configuration list for PBXNativeTarget "seeFood" */ = {
			isa = XCConfigurationList;
			buildConfigurations = (
				3F57DFB425C9E5A2002861B2 /* Debug */,
				3F57DFB525C9E5A2002861B2 /* Release */,
			);
			defaultConfigurationIsVisible = 0;
			defaultConfigurationName = Release;
		};
/* End XCConfigurationList section */
	};
	rootObject = 3F57DF9725C9E5A1002861B2 /* Project object */;
}
